
Microsoft Visual Studio Solution File, Format Version 12.00
# Visual Studio Version 17
VisualStudioVersion = 17.14.36202.13 d17.14
MinimumVisualStudioVersion = 10.0.40219.1
Project("{FAE04EC0-301F-11D3-BF4B-00C04F79EFBC}") = "Semana 3", "Semana 3.csproj", "{90965EC1-FF61-4BB6-9FB0-9BA1382B2583}"
EndProject
Global
	GlobalSection(SolutionConfigurationPlatforms) = preSolution
		Debug|Any CPU = Debug|Any CPU
		Release|Any CPU = Release|Any CPU
	EndGlobalSection
	GlobalSection(ProjectConfigurationPlatforms) = postSolution
		{90965EC1-FF61-4BB6-9FB0-9BA1382B2583}.Debug|Any CPU.ActiveCfg = Debug|Any CPU
		{90965EC1-FF61-4BB6-9FB0-9BA1382B2583}.Debug|Any CPU.Build.0 = Debug|Any CPU
		{90965EC1-FF61-4BB6-9FB0-9BA1382B2583}.Release|Any CPU.ActiveCfg = Release|Any CPU
		{90965EC1-FF61-4BB6-9FB0-9BA1382B2583}.Release|Any CPU.Build.0 = Release|Any CPU
	EndGlobalSection
	GlobalSection(SolutionProperties) = preSolution
		HideSolutionNode = FALSE
	EndGlobalSection
	GlobalSection(ExtensibilityGlobals) = postSolution
		SolutionGuid = {FBEB8BEC-9E4B-424F-8CD6-8BC8A68C2F9B}
	EndGlobalSection
EndGlobal
